<?xml version="1.0" encoding="utf-8"?>
<Project ToolsVersion="4.0" xmlns="http://schemas.microsoft.com/developer/msbuild/2003">
  <ItemGroup>
    <ClCompile Include="Application.cpp">
      <Filter>src\core</Filter>
    </ClCompile>
    <ClCompile Include="Simulation.cpp">
      <Filter>src\core</Filter>
    </ClCompile>
    <ClCompile Include="ObjLoader.cpp">
      <Filter>src\loader</Filter>
    </ClCompile>
    <ClCompile Include="Loader.cpp">
      <Filter>src\loader</Filter>
    </ClCompile>
    <ClCompile Include="Renderable.cpp">
      <Filter>src\scene</Filter>
    </ClCompile>
    <ClCompile Include="Mesh.cpp">
      <Filter>src\scene</Filter>
    </ClCompile>
    <ClCompile Include="EBO.cpp">
      <Filter>src\renderer</Filter>
    </ClCompile>
    <ClCompile Include="Renderer.cpp">
      <Filter>src\renderer</Filter>
    </ClCompile>
    <ClCompile Include="ShaderProgram.cpp">
      <Filter>src\renderer</Filter>
    </ClCompile>
    <ClCompile Include="VAO.cpp">
      <Filter>src\renderer</Filter>
    </ClCompile>
    <ClCompile Include="VBO.cpp">
      <Filter>src\renderer</Filter>
    </ClCompile>
    <ClCompile Include="main.cpp">
      <Filter>src</Filter>
    </ClCompile>
    <ClCompile Include="main2.cpp">
      <Filter>src</Filter>
    </ClCompile>
    <ClCompile Include="glad.c">
      <Filter>libs</Filter>
    </ClCompile>
    <ClCompile Include="Input.cpp">
      <Filter>src\input</Filter>
    </ClCompile>
    <ClCompile Include="Engine.cpp">
      <Filter>sim_logic</Filter>
    </ClCompile>
  </ItemGroup>
  <ItemGroup>
    <None Include="default.vert">
      <Filter>shaders</Filter>
    </None>
    <None Include="default.frag">
      <Filter>shaders</Filter>
    </None>
    <None Include="airplane.obj">
      <Filter>models</Filter>
    </None>
  </ItemGroup>
  <ItemGroup>
    <Filter Include="src">
      <UniqueIdentifier>{709736b6-52f7-487b-bbb7-027da8fad7d1}</UniqueIdentifier>
    </Filter>
    <Filter Include="src\core">
      <UniqueIdentifier>{2bbef69b-2102-4568-bc3f-aa7afb1ff7fb}</UniqueIdentifier>
    </Filter>
    <Filter Include="src\renderer">
      <UniqueIdentifier>{1d404557-344b-4b41-a59c-190316e1bfff}</UniqueIdentifier>
    </Filter>
    <Filter Include="src\scene">
      <UniqueIdentifier>{11b1d82f-a3d5-4fbb-997a-24c6def87019}</UniqueIdentifier>
    </Filter>
    <Filter Include="src\loader">
      <UniqueIdentifier>{4fc1e497-a529-48d5-8ff2-f064300206a5}</UniqueIdentifier>
    </Filter>
    <Filter Include="shaders">
      <UniqueIdentifier>{79fb53c6-0bce-425a-8215-d5ce5ca42d24}</UniqueIdentifier>
    </Filter>
    <Filter Include="models">
      <UniqueIdentifier>{3ca9a676-263d-4319-913c-5fd8fb06d42c}</UniqueIdentifier>
    </Filter>
    <Filter Include="libs">
      <UniqueIdentifier>{732ffcaa-f15f-43db-8373-f74c40ac0b58}</UniqueIdentifier>
    </Filter>
    <Filter Include="src\camera">
      <UniqueIdentifier>{45b81115-3a7b-46c0-bacc-f2cd7df29db2}</UniqueIdentifier>
    </Filter>
    <Filter Include="src\input">
      <UniqueIdentifier>{c47dfbcc-2eb7-42f4-a391-835eedd8aea7}</UniqueIdentifier>
    </Filter>
    <Filter Include="sim_logic">
      <UniqueIdentifier>{a0c5602a-48b5-4b3c-9b55-ee8bcb1f148d}</UniqueIdentifier>
    </Filter>
  </ItemGroup>
  <ItemGroup>
    <ClInclude Include="Application.h">
      <Filter>src\core</Filter>
    </ClInclude>
    <ClInclude Include="Simulation.h">
      <Filter>src\core</Filter>
    </ClInclude>
    <ClInclude Include="EBO.h">
      <Filter>src\renderer</Filter>
    </ClInclude>
    <ClInclude Include="Renderer.h">
      <Filter>src\renderer</Filter>
    </ClInclude>
    <ClInclude Include="ShaderProgram.h">
      <Filter>src\renderer</Filter>
    </ClInclude>
    <ClInclude Include="VAO.h">
      <Filter>src\renderer</Filter>
    </ClInclude>
    <ClInclude Include="VBO.h">
      <Filter>src\renderer</Filter>
    </ClInclude>
    <ClInclude Include="Mesh.h">
      <Filter>src\scene</Filter>
    </ClInclude>
    <ClInclude Include="Renderable.h">
      <Filter>src\scene</Filter>
    </ClInclude>
    <ClInclude Include="Loader.h">
      <Filter>src\loader</Filter>
    </ClInclude>
    <ClInclude Include="ObjLoader.h">
      <Filter>src\loader</Filter>
    </ClInclude>
    <ClInclude Include="Camera.h">
      <Filter>src\camera</Filter>
    </ClInclude>
    <ClInclude Include="Input.h">
      <Filter>src\input</Filter>
    </ClInclude>
    <ClInclude Include="Engine.h">
      <Filter>sim_logic</Filter>
    </ClInclude>
  </ItemGroup>
  <ItemGroup>
    <Text Include="airplane.txt">
      <Filter>models</Filter>
    </Text>
    <Text Include="grid.txt">
      <Filter>models</Filter>
    </Text>
  </ItemGroup>
</Project>